// !$*UTF8*$!
{
	archiveVersion = 1;
	classes = {
	};
	objectVersion = 56;
	objects = {

/* Begin PBXBuildFile section */
		1A5F394A2C6D8E1000B8D8E2 /* Sources/Views/App.swift in Sources */ = {isa = PBXBuildFile; fileRef = 1A5F39492C6D8E1000B8D8E2 /* Sources/Views/App.swift */; };
		1A5F394C2C6D8E1000B8D8E2 /* Sources/Views/MainTabView.swift in Sources */ = {isa = PBXBuildFile; fileRef = 1A5F394B2C6D8E1000B8D8E2 /* Sources/Views/MainTabView.swift */; };
		1A5F394E2C6D8E1000B8D8E2 /* Sources/Views/ScoreboardView.swift in Sources */ = {isa = PBXBuildFile; fileRef = 1A5F394D2C6D8E1000B8D8E2 /* Sources/Views/ScoreboardView.swift */; };
		1A5F39502C6D8E1000B8D8E2 /* Sources/Views/StatsView.swift in Sources */ = {isa = PBXBuildFile; fileRef = 1A5F394F2C6D8E1000B8D8E2 /* Sources/Views/StatsView.swift */; };
		1A5F39522C6D8E1000B8D8E2 /* Sources/Views/HistoryView.swift in Sources */ = {isa = PBXBuildFile; fileRef = 1A5F39512C6D8E1000B8D8E2 /* Sources/Views/HistoryView.swift */; };
		1A5F39542C6D8E1000B8D8E2 /* Sources/Views/ProfileView.swift in Sources */ = {isa = PBXBuildFile; fileRef = 1A5F39532C6D8E1000B8D8E2 /* Sources/Views/ProfileView.swift */; };
		1A5F39562C6D8E1000B8D8E2 /* Sources/Models/Models.swift in Sources */ = {isa = PBXBuildFile; fileRef = 1A5F39552C6D8E1000B8D8E2 /* Sources/Models/Models.swift */; };
		1A5F39582C6D8E1000B8D8E2 /* Sources/Engine/AICheckoutEngine.swift in Sources */ = {isa = PBXBuildFile; fileRef = 1A5F39572C6D8E1000B8D8E2 /* Sources/Engine/AICheckoutEngine.swift */; };
		1A5F395A2C6D8E1000B8D8E2 /* Sources/Utils/Extensions.swift in Sources */ = {isa = PBXBuildFile; fileRef = 1A5F39592C6D8E1000B8D8E2 /* Sources/Utils/Extensions.swift */; };
		1A5F39622C6D8E1000B8D8E2 /* Sources/Views/SceneDelegate.swift in Sources */ = {isa = PBXBuildFile; fileRef = 1A5F39612C6D8E1000B8D8E2 /* Sources/Views/SceneDelegate.swift */; };
		1A5F39632C6D8E1000B8D8E2 /* Sources/Views/GameViewModel.swift in Sources */ = {isa = PBXBuildFile; fileRef = 1A5F39642C6D8E1000B8D8E2 /* Sources/Views/GameViewModel.swift */; };
		1A5F39652C6D8E1000B8D8E2 /* Sources/Views/CheckoutRecommendationView.swift in Sources */ = {isa = PBXBuildFile; fileRef = 1A5F39662C6D8E1000B8D8E2 /* Sources/Views/CheckoutRecommendationView.swift */; };
		1A5F39672C6D8E1000B8D8E2 /* Sources/Engine/GameEngine.swift in Sources */ = {isa = PBXBuildFile; fileRef = 1A5F39682C6D8E1000B8D8E2 /* Sources/Engine/GameEngine.swift */; };
/* End PBXBuildFile section */

/* Begin PBXFileReference section */
		0A974C122F66F3C1004EF676 /* DartMindAI.app */ = {isa = PBXFileReference; explicitFileType = wrapper.application; includeInIndex = 0; path = DartMindAI.app; sourceTree = BUILT_PRODUCTS_DIR; };
		1A5F39492C6D8E1000B8D8E2 /* Sources/Views/App.swift */ = {isa = PBXFileReference; lastKnownFileType = sourcecode.swift; path = Sources/Views/App.swift; sourceTree = "<group>"; };
		1A5F394B2C6D8E1000B8D8E2 /* Sources/Views/MainTabView.swift */ = {isa = PBXFileReference; lastKnownFileType = sourcecode.swift; path = Sources/Views/MainTabView.swift; sourceTree = "<group>"; };
		1A5F394D2C6D8E1000B8D8E2 /* Sources/Views/ScoreboardView.swift */ = {isa = PBXFileReference; lastKnownFileType = sourcecode.swift; path = Sources/Views/ScoreboardView.swift; sourceTree = "<group>"; };
		1A5F394F2C6D8E1000B8D8E2 /* Sources/Views/StatsView.swift */ = {isa = PBXFileReference; lastKnownFileType = sourcecode.swift; path = Sources/Views/StatsView.swift; sourceTree = "<group>"; };
		1A5F39512C6D8E1000B8D8E2 /* Sources/Views/HistoryView.swift */ = {isa = PBXFileReference; lastKnownFileType = sourcecode.swift; path = Sources/Views/HistoryView.swift; sourceTree = "<group>"; };
		1A5F39532C6D8E1000B8D8E2 /* Sources/Views/ProfileView.swift */ = {isa = PBXFileReference; lastKnownFileType = sourcecode.swift; path = Sources/Views/ProfileView.swift; sourceTree = "<group>"; };
		1A5F39552C6D8E1000B8D8E2 /* Sources/Models/Models.swift */ = {isa = PBXFileReference; lastKnownFileType = sourcecode.swift; path = Sources/Models/Models.swift; sourceTree = "<group>"; };
		1A5F39572C6D8E1000B8D8E2 /* Sources/Engine/AICheckoutEngine.swift */ = {isa = PBXFileReference; lastKnownFileType = sourcecode.swift; path = Sources/Engine/AICheckoutEngine.swift; sourceTree = "<group>"; };
		1A5F39592C6D8E1000B8D8E2 /* Sources/Utils/Extensions.swift */ = {isa = PBXFileReference; lastKnownFileType = sourcecode.swift; path = Sources/Utils/Extensions.swift; sourceTree = "<group>"; };
		1A5F395B2C6D8E1000B8D8E2 /* Info.plist */ = {isa = PBXFileReference; lastKnownFileType = text.plist.xml; path = Info.plist; sourceTree = "<group>"; };
		1A5F39612C6D8E1000B8D8E2 /* Sources/Views/SceneDelegate.swift */ = {isa = PBXFileReference; lastKnownFileType = sourcecode.swift; path = Sources/Views/SceneDelegate.swift; sourceTree = "<group>"; };
		1A5F39642C6D8E1000B8D8E2 /* Sources/Views/GameViewModel.swift */ = {isa = PBXFileReference; lastKnownFileType = sourcecode.swift; path = Sources/Views/GameViewModel.swift; sourceTree = "<group>"; };
		1A5F39662C6D8E1000B8D8E2 /* Sources/Views/CheckoutRecommendationView.swift */ = {isa = PBXFileReference; lastKnownFileType = sourcecode.swift; path = Sources/Views/CheckoutRecommendationView.swift; sourceTree = "<group>"; };
		1A5F39682C6D8E1000B8D8E2 /* Sources/Engine/GameEngine.swift */ = {isa = PBXFileReference; lastKnownFileType = sourcecode.swift; path = Sources/Engine/GameEngine.swift; sourceTree = "<group>"; };
/* End PBXFileReference section */

/* Begin PBXFrameworksBuildPhase section */
		1A5F39442C6D8E1000B8D8E2 /* Frameworks */ = {
			isa = PBXFrameworksBuildPhase;
			buildActionMask = 2147483647;
			files = (
			);
			runOnlyForDeploymentPostprocessing = 0;
		};
/* End PBXFrameworksBuildPhase section */

/* Begin PBXGroup section */
		0A974C112F66F2BB004EF676 /* Recovered References */ = {
			isa = PBXGroup;
			children = (
				1A5F39612C6D8E1000B8D8E2 /* Sources/Views/SceneDelegate.swift */,
			);
			name = "Recovered References";
			sourceTree = "<group>";
		};
		0A974C132F66F3C1004EF676 /* Products */ = {
			isa = PBXGroup;
			children = (
				0A974C122F66F3C1004EF676 /* DartMindAI.app */,
			);
			name = Products;
			sourceTree = "<group>";
		};
		1A5F393D2C6D8E1000B8D8E2 = {
			isa = PBXGroup;
			children = (
				1A5F39452C6D8E1000B8D8E2,
				0A974C112F66F2BB004EF676 /* Recovered References */,
				0A974C132F66F3C1004EF676 /* Products */,
			);
			sourceTree = "<group>";
		};
		1A5F39452C6D8E1000B8D8E2 = {
			isa = PBXGroup;
			children = (
				1A5F39492C6D8E1000B8D8E2 /* Sources/Views/App.swift */,
				1A5F394B2C6D8E1000B8D8E2 /* Sources/Views/MainTabView.swift */,
				1A5F394D2C6D8E1000B8D8E2 /* Sources/Views/ScoreboardView.swift */,
				1A5F394F2C6D8E1000B8D8E2 /* Sources/Views/StatsView.swift */,
				1A5F39512C6D8E1000B8D8E2 /* Sources/Views/HistoryView.swift */,
				1A5F39532C6D8E1000B8D8E2 /* Sources/Views/ProfileView.swift */,
				1A5F39552C6D8E1000B8D8E2 /* Sources/Models/Models.swift */,
				1A5F39572C6D8E1000B8D8E2 /* Sources/Engine/AICheckoutEngine.swift */,
				1A5F39592C6D8E1000B8D8E2 /* Sources/Utils/Extensions.swift */,
				1A5F395B2C6D8E1000B8D8E2 /* Info.plist */,
				1A5F39642C6D8E1000B8D8E2 /* Sources/Views/GameViewModel.swift */,
				1A5F39662C6D8E1000B8D8E2 /* Sources/Views/CheckoutRecommendationView.swift */,
				1A5F39682C6D8E1000B8D8E2 /* Sources/Engine/GameEngine.swift */,
			);
			sourceTree = "<group>";
		};
/* End PBXGroup section */

/* Begin PBXNativeTarget section */
		1A5F39432C6D8E1000B8D8E2 /* DartMindAI */ = {
			isa = PBXNativeTarget;
			buildConfigurationList = 1A5F395C2C6D8E1000B8D8E2 /* Build configuration list for PBXNativeTarget "DartMindAI" */;
			buildPhases = (
				1A5F39402C6D8E1000B8D8E2 /* Sources */,
				1A5F39442C6D8E1000B8D8E2 /* Frameworks */,
				1A5F39472C6D8E1000B8D8E2 /* Resources */,
			);
			buildRules = (
			);
			dependencies = (
			);
			name = DartMindAI;
			productName = DartMindAI;
			productReference = 0A974C122F66F3C1004EF676 /* DartMindAI.app */;
			productType = "com.apple.product-type.application";
		};
/* End PBXNativeTarget section */

/* Begin PBXProject section */
		1A5F393C2C6D8E1000B8D8E2 /* Project object */ = {
			isa = PBXProject;
			attributes = {
				BuildIndependentTargetsInParallel = YES;
				LastSwiftUpdateCheck = 1530;
				LastUpgradeCheck = 2630;
				ORGANIZATIONNAME = "";
				TargetAttributes = {
					1A5F39432C6D8E1000B8D8E2 = {
						CreatedOnToolsVersion = 15.3;
					};
				};
			};
			buildConfigurationList = 1A5F393F2C6D8E1000B8D8E2 /* Build configuration list for PBXProject "DartMindAI" */;
			compatibilityVersion = "Xcode 14.0";
			developmentRegion = en;
			hasScannedForEncodings = 0;
			knownRegions = (
				en,
				Base,
			);
			mainGroup = 1A5F393D2C6D8E1000B8D8E2;
			productRefGroup = 0A974C132F66F3C1004EF676 /* Products */;
			projectDirPath = "";
			projectRoot = "";
			targets = (
				1A5F39432C6D8E1000B8D8E2 /* DartMindAI */,
			);
		};
/* End PBXProject section */

/* Begin PBXResourcesBuildPhase section */
		1A5F39472C6D8E1000B8D8E2 /* Resources */ = {
			isa = PBXResourcesBuildPhase;
			buildActionMask = 2147483647;
			files = (
			);
			runOnlyForDeploymentPostprocessing = 0;
		};
/* End PBXResourcesBuildPhase section */

/* Begin PBXSourcesBuildPhase section */
		1A5F39402C6D8E1000B8D8E2 /* Sources */ = {
			isa = PBXSourcesBuildPhase;
			buildActionMask = 2147483647;
			files = (
				1A5F394A2C6D8E1000B8D8E2 /* Sources/Views/App.swift in Sources */,
				1A5F394C2C6D8E1000B8D8E2 /* Sources/Views/MainTabView.swift in Sources */,
				1A5F394E2C6D8E1000B8D8E2 /* Sources/Views/ScoreboardView.swift in Sources */,
				1A5F39502C6D8E1000B8D8E2 /* Sources/Views/StatsView.swift in Sources */,
				1A5F39522C6D8E1000B8D8E2 /* Sources/Views/HistoryView.swift in Sources */,
				1A5F39542C6D8E1000B8D8E2 /* Sources/Views/ProfileView.swift in Sources */,
				1A5F39562C6D8E1000B8D8E2 /* Sources/Models/Models.swift in Sources */,
				1A5F39582C6D8E1000B8D8E2 /* Sources/Engine/AICheckoutEngine.swift in Sources */,
				1A5F395A2C6D8E1000B8D8E2 /* Sources/Utils/Extensions.swift in Sources */,
				1A5F39622C6D8E1000B8D8E2 /* Sources/Views/SceneDelegate.swift in Sources */,
				1A5F39632C6D8E1000B8D8E2 /* Sources/Views/GameViewModel.swift in Sources */,
				1A5F39652C6D8E1000B8D8E2 /* Sources/Views/CheckoutRecommendationView.swift in Sources */,
				1A5F39672C6D8E1000B8D8E2 /* Sources/Engine/GameEngine.swift in Sources */,
			);
			runOnlyForDeploymentPostprocessing = 0;
		};
/* End PBXSourcesBuildPhase section */

/* Begin XCBuildConfiguration section */
		1A5F395D2C6D8E1000B8D8E2 /* Debug */ = {
			isa = XCBuildConfiguration;
			buildSettings = {
				ALWAYS_SEARCH_USER_PATHS = NO;
				CLANG_ANALYZER_NONNULL = YES;
				CLANG_ANALYZER_NUMBER_OBJECT_CONVERSION = YES_AGGRESSIVE;
				CLANG_CXX_LANGUAGE_STANDARD = "gnu++20";
				CLANG_ENABLE_MODULES = YES;
				CLANG_ENABLE_OBJC_ARC = YES;
				CLANG_ENABLE_OBJC_WEAK = YES;
				CLANG_WARN_BLOCK_CAPTURE_AUTORELEASING = YES;
				CLANG_WARN_BOOL_CONVERSION = YES;
				CLANG_WARN_COMMA = YES;
				CLANG_WARN_CONSTANT_CONVERSION = YES;
				CLANG_WARN_DEPRECATED_OBJC_IMPLEMENTATIONS = YES;
				CLANG_WARN_DIRECT_OBJC_ISA_USAGE = YES_ERROR;
				CLANG_WARN_DOCUMENTATION_COMMENTS = YES;
				CLANG_WARN_EMPTY_BODY = YES;
				CLANG_WARN_ENUM_CONVERSION = YES;
				CLANG_WARN_INFINITE_RECURSION = YES;
				CLANG_WARN_INT_CONVERSION = YES;
				CLANG_WARN_NON_LITERAL_NULL_CONVERSION = YES;
				CLANG_WARN_OBJC_IMPLICIT_RETAIN_SELF = YES;
				CLANG_WARN_OBJC_LITERAL_CONVERSION = YES;
				CLANG_WARN_OBJC_ROOT_CLASS = YES_ERROR;
				CLANG_WARN_QUOTED_INCLUDE_IN_FRAMEWORK_HEADER = YES;
				CLANG_WARN_RANGE_LOOP_ANALYSIS = YES;
				CLANG_WARN_STRICT_PROTOTYPES = YES;
				CLANG_WARN_SUSPICIOUS_MOVE = YES;
				CLANG_WARN_UNGUARDED_AVAILABILITY = YES_AGGRESSIVE;
				CLANG_WARN_UNREACHABLE_CODE = YES;
				CLANG_WARN__DUPLICATE_METHOD_MATCH = YES;
				COPY_PHASE_STRIP = NO;
				DEBUG_INFORMATION_FORMAT = dwarf;
				DEVELOPMENT_TEAM = 2RJK8LYXGG;
				ENABLE_STRICT_OBJC_MSGSEND = YES;
				ENABLE_TESTABILITY = YES;
				ENABLE_USER_SCRIPT_SANDBOXING = YES;
				GCC_C_LANGUAGE_STANDARD = gnu17;
				GCC_DYNAMIC_NO_PIC = NO;
				GCC_NO_COMMON_BLOCKS = YES;
				GCC_OPTIMIZATION_LEVEL = 0;
				GCC_PREPROCESSOR_DEFINITIONS = (
					"DEBUG=1",
					"$(inherited)",
				);
				GCC_WARN_64_TO_32_BIT_CONVERSION = YES;
				GCC_WARN_ABOUT_RETURN_TYPE = YES_ERROR;
				GCC_WARN_UNDECLARED_SELECTOR = YES;
				GCC_WARN_UNINITIALIZED_AUTOS = YES_AGGRESSIVE;
				GCC_WARN_UNUSED_FUNCTION = YES;
				GCC_WARN_UNUSED_VARIABLE = YES;
				IOS_DEPLOYMENT_TARGET = 16.0;
				MTL_ENABLE_DEBUG_INFO = INCLUDE_SOURCE;
				MTL_FAST_MATH = YES;
				ONLY_ACTIVE_ARCH = YES;
				SDKROOT = iphoneos;
				STRING_CATALOG_GENERATE_SYMBOLS = YES;
				SWIFT_ACTIVE_COMPILATION_CONDITIONS = DEBUG;
				SWIFT_OPTIMIZATION_LEVEL = "-Onone";
				TARGETED_DEVICE_FAMILY = "1,2";
			};
			name = Debug;
		};
		1A5F395E2C6D8E1000B8D8E2 /* Release */ = {
			isa = XCBuildConfiguration;
			buildSettings = {
				ALWAYS_SEARCH_USER_PATHS = NO;
				CLANG_ANALYZER_NONNULL = YES;
				CLANG_ANALYZER_NUMBER_OBJECT_CONVERSION = YES_AGGRESSIVE;
				CLANG_CXX_LANGUAGE_STANDARD = "gnu++20";
				CLANG_ENABLE_MODULES = YES;
				CLANG_ENABLE_OBJC_ARC = YES;
				CLANG_ENABLE_OBJC_WEAK = YES;
				CLANG_WARN_BLOCK_CAPTURE_AUTORELEASING = YES;
				CLANG_WARN_BOOL_CONVERSION = YES;
				CLANG_WARN_COMMA = YES;
				CLANG_WARN_CONSTANT_CONVERSION = YES;
				CLANG_WARN_DEPRECATED_OBJC_IMPLEMENTATIONS = YES;
				CLANG_WARN_DIRECT_OBJC_ISA_USAGE = YES_ERROR;
				CLANG_WARN_DOCUMENTATION_COMMENTS = YES;
				CLANG_WARN_EMPTY_BODY = YES;
				CLANG_WARN_ENUM_CONVERSION = YES;
				CLANG_WARN_INFINITE_RECURSION = YES;
				CLANG_WARN_INT_CONVERSION = YES;
				CLANG_WARN_NON_LITERAL_NULL_CONVERSION = YES;
				CLANG_WARN_OBJC_IMPLICIT_RETAIN_SELF = YES;
				CLANG_WARN_OBJC_LITERAL_CONVERSION = YES;
				CLANG_WARN_OBJC_ROOT_CLASS = YES_ERROR;
				CLANG_WARN_QUOTED_INCLUDE_IN_FRAMEWORK_HEADER = YES;
				CLANG_WARN_RANGE_LOOP_ANALYSIS = YES;
				CLANG_WARN_STRICT_PROTOTYPES = YES;
				CLANG_WARN_SUSPICIOUS_MOVE = YES;
				CLANG_WARN_UNGUARDED_AVAILABILITY = YES_AGGRESSIVE;
				CLANG_WARN_UNREACHABLE_CODE = YES;
				CLANG_WARN__DUPLICATE_METHOD_MATCH = YES;
				COPY_PHASE_STRIP = NO;
				DEBUG_INFORMATION_FORMAT = "dwarf-with-dsym";
				DEVELOPMENT_TEAM = 2RJK8LYXGG;
				ENABLE_NS_ASSERTIONS = NO;
				ENABLE_STRICT_OBJC_MSGSEND = YES;
				ENABLE_USER_SCRIPT_SANDBOXING = YES;
				GCC_C_LANGUAGE_STANDARD = gnu17;
				GCC_NO_COMMON_BLOCKS = YES;
				GCC_WARN_64_TO_32_BIT_CONVERSION = YES;
				GCC_WARN_ABOUT_RETURN_TYPE = YES_ERROR;
				GCC_WARN_UNDECLARED_SELECTOR = YES;
				GCC_WARN_UNINITIALIZED_AUTOS = YES_AGGRESSIVE;
				GCC_WARN_UNUSED_FUNCTION = YES;
				GCC_WARN_UNUSED_VARIABLE = YES;
				IOS_DEPLOYMENT_TARGET = 16.0;
				MTL_ENABLE_DEBUG_INFO = NO;
				MTL_FAST_MATH = YES;
				SDKROOT = iphoneos;
				STRING_CATALOG_GENERATE_SYMBOLS = YES;
				SWIFT_COMPILATION_MODE = wholemodule;
				SWIFT_OPTIMIZATION_LEVEL = "-O";
				TARGETED_DEVICE_FAMILY = "1,2";
			};
			name = Release;
		};
		1A5F395F2C6D8E1000B8D8E2 /* Debug */ = {
			isa = XCBuildConfiguration;
			buildSettings = {
				ASSETCATALOG_COMPILER_APPICON_NAME = AppIcon;
				ASSETCATALOG_COMPILER_GLOBAL_ACCENT_COLOR_NAME = AccentColor;
				CODE_SIGN_IDENTITY = "Apple Development";
				CODE_SIGN_STYLE = Automatic;
				CURRENT_PROJECT_VERSION = 1;
				GENERATE_INFOPLIST_FILE = NO;
				INFOPLIST_FILE = Info.plist;
				INFOPLIST_KEY_UIApplicationSupportsIndirectInputEvents = YES;
				INFOPLIST_KEY_UILaunchStoryboardName = LaunchScreen;
				INFOPLIST_KEY_UISupportedInterfaceOrientations_iPad = "UIInterfaceOrientationPortrait UIInterfaceOrientationPortraitUpsideDown UIInterfaceOrientationLandscapeLeft UIInterfaceOrientationLandscapeRight";
				INFOPLIST_KEY_UISupportedInterfaceOrientations_iPhone = "UIInterfaceOrientationPortrait UIInterfaceOrientationLandscapeLeft UIInterfaceOrientationLandscapeRight";
				MARKETING_VERSION = 1.0;
				PRODUCT_BUNDLE_IDENTIFIER = com.example.DartMindAI;
				PRODUCT_NAME = "$(TARGET_NAME)";
				PROVISIONING_PROFILE_SPECIFIER = "";
				SWIFT_EMIT_LOC_STRINGS = YES;
				SWIFT_VERSION = 5.0;
			};
			name = Debug;
		};
		1A5F39602C6D8E1000B8D8E2 /* Release */ = {
			isa = XCBuildConfiguration;
			buildSettings = {
				ASSETCATALOG_COMPILER_APPICON_NAME = AppIcon;
				ASSETCATALOG_COMPILER_GLOBAL_ACCENT_COLOR_NAME = AccentColor;
				CODE_SIGN_IDENTITY = "Apple Development";
				CODE_SIGN_STYLE = Automatic;
				CURRENT_PROJECT_VERSION = 1;
				GENERATE_INFOPLIST_FILE = NO;
				INFOPLIST_FILE = Info.plist;
				INFOPLIST_KEY_UIApplicationSupportsIndirectInputEvents = YES;
				INFOPLIST_KEY_UILaunchStoryboardName = LaunchScreen;
				INFOPLIST_KEY_UISupportedInterfaceOrientations_iPad = "UIInterfaceOrientationPortrait UIInterfaceOrientationPortraitUpsideDown UIInterfaceOrientationLandscapeLeft UIInterfaceOrientationLandscapeRight";
				INFOPLIST_KEY_UISupportedInterfaceOrientations_iPhone = "UIInterfaceOrientationPortrait UIInterfaceOrientationLandscapeLeft UIInterfaceOrientationLandscapeRight";
				MARKETING_VERSION = 1.0;
				PRODUCT_BUNDLE_IDENTIFIER = com.example.DartMindAI;
				PRODUCT_NAME = "$(TARGET_NAME)";
				PROVISIONING_PROFILE_SPECIFIER = "";
				SWIFT_EMIT_LOC_STRINGS = YES;
				SWIFT_VERSION = 5.0;
			};
			name = Release;
		};
/* End XCBuildConfiguration section */

/* Begin XCConfigurationList section */
		1A5F393F2C6D8E1000B8D8E2 /* Build configuration list for PBXProject "DartMindAI" */ = {
			isa = XCConfigurationList;
			buildConfigurations = (
				1A5F395D2C6D8E1000B8D8E2 /* Debug */,
				1A5F395E2C6D8E1000B8D8E2 /* Release */,
			);
			defaultConfigurationIsVisible = 0;
			defaultConfigurationName = Debug;
		};
		1A5F395C2C6D8E1000B8D8E2 /* Build configuration list for PBXNativeTarget "DartMindAI" */ = {
			isa = XCConfigurationList;
			buildConfigurations = (
				1A5F395F2C6D8E1000B8D8E2 /* Debug */,
				1A5F39602C6D8E1000B8D8E2 /* Release */,
			);
			defaultConfigurationIsVisible = 0;
			defaultConfigurationName = Debug;
		};
/* End XCConfigurationList section */
	};
	rootObject = 1A5F393C2C6D8E1000B8D8E2 /* Project object */;
}
